
Microsoft Visual Studio Solution File, Format Version 12.00
# Visual Studio Version 17
VisualStudioVersion = 17.3.32929.385
MinimumVisualStudioVersion = 10.0.40219.1
Project("{FAE04EC0-301F-11D3-BF4B-00C04F79EFBC}") = "Palindrome3", "Palindrome3\Palindrome3.csproj", "{D304FA22-3144-4B1E-A4A5-D7F57D065FD4}"
EndProject
Global
	GlobalSection(SolutionConfigurationPlatforms) = preSolution
		Debug|Any CPU = Debug|Any CPU
		Release|Any CPU = Release|Any CPU
	EndGlobalSection
	GlobalSection(ProjectConfigurationPlatforms) = postSolution
		{D304FA22-3144-4B1E-A4A5-D7F57D065FD4}.Debug|Any CPU.ActiveCfg = Debug|Any CPU
		{D304FA22-3144-4B1E-A4A5-D7F57D065FD4}.Debug|Any CPU.Build.0 = Debug|Any CPU
		{D304FA22-3144-4B1E-A4A5-D7F57D065FD4}.Release|Any CPU.ActiveCfg = Release|Any CPU
		{D304FA22-3144-4B1E-A4A5-D7F57D065FD4}.Release|Any CPU.Build.0 = Release|Any CPU
	EndGlobalSection
	GlobalSection(SolutionProperties) = preSolution
		HideSolutionNode = FALSE
	EndGlobalSection
	GlobalSection(ExtensibilityGlobals) = postSolution
		SolutionGuid = {49A9EA38-14A1-41BB-A0C3-0FDCFBE10B20}
	EndGlobalSection
EndGlobal
