
Microsoft Visual Studio Solution File, Format Version 12.00
# Visual Studio Version 17
VisualStudioVersion = 17.3.32804.467
MinimumVisualStudioVersion = 10.0.40219.1
Project("{FAE04EC0-301F-11D3-BF4B-00C04F79EFBC}") = "KATAHighAndLow", "KATAHighAndLow\KATAHighAndLow.csproj", "{B43415C7-6AA8-4EE5-B42D-182BD9350F00}"
EndProject
Project("{FAE04EC0-301F-11D3-BF4B-00C04F79EFBC}") = "KATAHighAndLowTests", "KATAHighAndLowTests\KATAHighAndLowTests.csproj", "{485501D0-1BA1-491C-8970-4043F0B9234C}"
EndProject
Global
	GlobalSection(SolutionConfigurationPlatforms) = preSolution
		Debug|Any CPU = Debug|Any CPU
		Release|Any CPU = Release|Any CPU
	EndGlobalSection
	GlobalSection(ProjectConfigurationPlatforms) = postSolution
		{B43415C7-6AA8-4EE5-B42D-182BD9350F00}.Debug|Any CPU.ActiveCfg = Debug|Any CPU
		{B43415C7-6AA8-4EE5-B42D-182BD9350F00}.Debug|Any CPU.Build.0 = Debug|Any CPU
		{B43415C7-6AA8-4EE5-B42D-182BD9350F00}.Release|Any CPU.ActiveCfg = Release|Any CPU
		{B43415C7-6AA8-4EE5-B42D-182BD9350F00}.Release|Any CPU.Build.0 = Release|Any CPU
		{485501D0-1BA1-491C-8970-4043F0B9234C}.Debug|Any CPU.ActiveCfg = Debug|Any CPU
		{485501D0-1BA1-491C-8970-4043F0B9234C}.Debug|Any CPU.Build.0 = Debug|Any CPU
		{485501D0-1BA1-491C-8970-4043F0B9234C}.Release|Any CPU.ActiveCfg = Release|Any CPU
		{485501D0-1BA1-491C-8970-4043F0B9234C}.Release|Any CPU.Build.0 = Release|Any CPU
	EndGlobalSection
	GlobalSection(SolutionProperties) = preSolution
		HideSolutionNode = FALSE
	EndGlobalSection
	GlobalSection(ExtensibilityGlobals) = postSolution
		SolutionGuid = {5E1E88B1-DFF9-4DBE-B413-C8AF92DD949C}
	EndGlobalSection
EndGlobal
