
Microsoft Visual Studio Solution File, Format Version 12.00
# Visual Studio Version 17
VisualStudioVersion = 17.3.32804.467
MinimumVisualStudioVersion = 10.0.40219.1
Project("{FAE04EC0-301F-11D3-BF4B-00C04F79EFBC}") = "KataSquareSum", "KataSquareSum\KataSquareSum.csproj", "{EEFEF0CF-0E6C-494A-8FDB-B85249207A59}"
EndProject
Project("{FAE04EC0-301F-11D3-BF4B-00C04F79EFBC}") = "KataSquareSumTests", "KataSquareSumTests\KataSquareSumTests.csproj", "{92009551-0B6C-4E2D-A411-98A21755170B}"
EndProject
Global
	GlobalSection(SolutionConfigurationPlatforms) = preSolution
		Debug|Any CPU = Debug|Any CPU
		Release|Any CPU = Release|Any CPU
	EndGlobalSection
	GlobalSection(ProjectConfigurationPlatforms) = postSolution
		{EEFEF0CF-0E6C-494A-8FDB-B85249207A59}.Debug|Any CPU.ActiveCfg = Debug|Any CPU
		{EEFEF0CF-0E6C-494A-8FDB-B85249207A59}.Debug|Any CPU.Build.0 = Debug|Any CPU
		{EEFEF0CF-0E6C-494A-8FDB-B85249207A59}.Release|Any CPU.ActiveCfg = Release|Any CPU
		{EEFEF0CF-0E6C-494A-8FDB-B85249207A59}.Release|Any CPU.Build.0 = Release|Any CPU
		{92009551-0B6C-4E2D-A411-98A21755170B}.Debug|Any CPU.ActiveCfg = Debug|Any CPU
		{92009551-0B6C-4E2D-A411-98A21755170B}.Debug|Any CPU.Build.0 = Debug|Any CPU
		{92009551-0B6C-4E2D-A411-98A21755170B}.Release|Any CPU.ActiveCfg = Release|Any CPU
		{92009551-0B6C-4E2D-A411-98A21755170B}.Release|Any CPU.Build.0 = Release|Any CPU
	EndGlobalSection
	GlobalSection(SolutionProperties) = preSolution
		HideSolutionNode = FALSE
	EndGlobalSection
	GlobalSection(ExtensibilityGlobals) = postSolution
		SolutionGuid = {0AC917FE-1D6E-4FE8-83B1-51392A2DC7B2}
	EndGlobalSection
EndGlobal
