
Microsoft Visual Studio Solution File, Format Version 12.00
# Visual Studio Version 17
VisualStudioVersion = 17.3.32929.385
MinimumVisualStudioVersion = 10.0.40219.1
Project("{FAE04EC0-301F-11D3-BF4B-00C04F79EFBC}") = "FibonacciIterative", "FibonacciIterative\FibonacciIterative.csproj", "{B8697969-DC83-4060-AFAF-2F2916726587}"
EndProject
Global
	GlobalSection(SolutionConfigurationPlatforms) = preSolution
		Debug|Any CPU = Debug|Any CPU
		Release|Any CPU = Release|Any CPU
	EndGlobalSection
	GlobalSection(ProjectConfigurationPlatforms) = postSolution
		{B8697969-DC83-4060-AFAF-2F2916726587}.Debug|Any CPU.ActiveCfg = Debug|Any CPU
		{B8697969-DC83-4060-AFAF-2F2916726587}.Debug|Any CPU.Build.0 = Debug|Any CPU
		{B8697969-DC83-4060-AFAF-2F2916726587}.Release|Any CPU.ActiveCfg = Release|Any CPU
		{B8697969-DC83-4060-AFAF-2F2916726587}.Release|Any CPU.Build.0 = Release|Any CPU
	EndGlobalSection
	GlobalSection(SolutionProperties) = preSolution
		HideSolutionNode = FALSE
	EndGlobalSection
	GlobalSection(ExtensibilityGlobals) = postSolution
		SolutionGuid = {D9C18CE4-A394-4158-B03E-EF7F3DE272BD}
	EndGlobalSection
EndGlobal
