
Microsoft Visual Studio Solution File, Format Version 12.00
# Visual Studio Version 17
VisualStudioVersion = 17.3.32929.385
MinimumVisualStudioVersion = 10.0.40219.1
Project("{FAE04EC0-301F-11D3-BF4B-00C04F79EFBC}") = "FibonacciSeries", "FibonacciSeries\FibonacciSeries.csproj", "{3A8AB099-ECA5-4227-9B55-9284061FA101}"
EndProject
Global
	GlobalSection(SolutionConfigurationPlatforms) = preSolution
		Debug|Any CPU = Debug|Any CPU
		Release|Any CPU = Release|Any CPU
	EndGlobalSection
	GlobalSection(ProjectConfigurationPlatforms) = postSolution
		{3A8AB099-ECA5-4227-9B55-9284061FA101}.Debug|Any CPU.ActiveCfg = Debug|Any CPU
		{3A8AB099-ECA5-4227-9B55-9284061FA101}.Debug|Any CPU.Build.0 = Debug|Any CPU
		{3A8AB099-ECA5-4227-9B55-9284061FA101}.Release|Any CPU.ActiveCfg = Release|Any CPU
		{3A8AB099-ECA5-4227-9B55-9284061FA101}.Release|Any CPU.Build.0 = Release|Any CPU
	EndGlobalSection
	GlobalSection(SolutionProperties) = preSolution
		HideSolutionNode = FALSE
	EndGlobalSection
	GlobalSection(ExtensibilityGlobals) = postSolution
		SolutionGuid = {73C2CB61-E7F4-4FE9-808F-56AADD0A0593}
	EndGlobalSection
EndGlobal
